
Microsoft Visual Studio Solution File, Format Version 12.00
# Visual Studio 2015
Project("{FAE04EC0-301F-11D3-BF4B-00C04F79EFBC}") = "Antarius.CSharp.Plugins", "Antarius.CSharp.Plugins.csproj", "{27EF7E89-2618-1299-2F63-FE1C1934F540}"
EndProject
Project("{FAE04EC0-301F-11D3-BF4B-00C04F79EFBC}") = "Antarius.CSharp", "Antarius.CSharp.csproj", "{C692E744-DCDC-BFA0-FDF5-C7737DF03AEA}"
EndProject
Global
	GlobalSection(SolutionConfigurationPlatforms) = preSolution
		Debug|Any CPU = Debug|Any CPU
		Release|Any CPU = Release|Any CPU
	EndGlobalSection
	GlobalSection(ProjectConfigurationPlatforms) = postSolution
		{27EF7E89-2618-1299-2F63-FE1C1934F540}.Debug|Any CPU.ActiveCfg = Debug|Any CPU
		{27EF7E89-2618-1299-2F63-FE1C1934F540}.Debug|Any CPU.Build.0 = Debug|Any CPU
		{27EF7E89-2618-1299-2F63-FE1C1934F540}.Release|Any CPU.ActiveCfg = Release|Any CPU
		{27EF7E89-2618-1299-2F63-FE1C1934F540}.Release|Any CPU.Build.0 = Release|Any CPU
		{C692E744-DCDC-BFA0-FDF5-C7737DF03AEA}.Debug|Any CPU.ActiveCfg = Debug|Any CPU
		{C692E744-DCDC-BFA0-FDF5-C7737DF03AEA}.Debug|Any CPU.Build.0 = Debug|Any CPU
		{C692E744-DCDC-BFA0-FDF5-C7737DF03AEA}.Release|Any CPU.ActiveCfg = Release|Any CPU
		{C692E744-DCDC-BFA0-FDF5-C7737DF03AEA}.Release|Any CPU.Build.0 = Release|Any CPU
	EndGlobalSection
	GlobalSection(SolutionProperties) = preSolution
		HideSolutionNode = FALSE
	EndGlobalSection
EndGlobal
